Microsoft Visual Studio Solution File, Format Version 12.00
# Visual Studio Version 17
VisualStudioVersion = 17.5.2.0
MinimumVisualStudioVersion = 10.0.40219.1
Project("{FAE04EC0-301F-11D3-BF4B-00C04F79EFBC}") = "loopBenchmark", "loopBenchmark\loopBenchmark.csproj", "{9754E81E-DF27-8DEF-D84C-626F2F73D933}"
EndProject
Global
	GlobalSection(SolutionConfigurationPlatforms) = preSolution
		Debug|Any CPU = Debug|Any CPU
		Release|Any CPU = Release|Any CPU
	EndGlobalSection
	GlobalSection(ProjectConfigurationPlatforms) = postSolution
		{9754E81E-DF27-8DEF-D84C-626F2F73D933}.Debug|Any CPU.ActiveCfg = Debug|Any CPU
		{9754E81E-DF27-8DEF-D84C-626F2F73D933}.Debug|Any CPU.Build.0 = Debug|Any CPU
		{9754E81E-DF27-8DEF-D84C-626F2F73D933}.Release|Any CPU.ActiveCfg = Release|Any CPU
		{9754E81E-DF27-8DEF-D84C-626F2F73D933}.Release|Any CPU.Build.0 = Release|Any CPU
	EndGlobalSection
	GlobalSection(SolutionProperties) = preSolution
		HideSolutionNode = FALSE
	EndGlobalSection
	GlobalSection(ExtensibilityGlobals) = postSolution
		SolutionGuid = {3807082C-A188-404B-939D-93402EAA5DCF}
	EndGlobalSection
EndGlobal
